// !$*UTF8*$!
{
	archiveVersion = 1;
	classes = {
	};
	objectVersion = 55;
	objects = {

/* Begin PBXBuildFile section */
		2A43F1D12797E186000BCCD6 /* AppDelegate.swift in Sources */ = {isa = PBXBuildFile; fileRef = 2A43F1D02797E186000BCCD6 /* AppDelegate.swift */; };
		2A43F1D32797E186000BCCD6 /* SceneDelegate.swift in Sources */ = {isa = PBXBuildFile; fileRef = 2A43F1D22797E186000BCCD6 /* SceneDelegate.swift */; };
		2A43F1D52797E186000BCCD6 /* ViewController.swift in Sources */ = {isa = PBXBuildFile; fileRef = 2A43F1D42797E186000BCCD6 /* ViewController.swift */; };
		2A43F1D82797E186000BCCD6 /* Main.storyboard in Resources */ = {isa = PBXBuildFile; fileRef = 2A43F1D62797E186000BCCD6 /* Main.storyboard */; };
		2A43F1DA2797E18B000BCCD6 /* Assets.xcassets in Resources */ = {isa = PBXBuildFile; fileRef = 2A43F1D92797E18B000BCCD6 /* Assets.xcassets */; };
		2A43F1DD2797E18B000BCCD6 /* LaunchScreen.storyboard in Resources */ = {isa = PBXBuildFile; fileRef = 2A43F1DB2797E18B000BCCD6 /* LaunchScreen.storyboard */; };
		2A43F1E72797E6FF000BCCD6 /* News.swift in Sources */ = {isa = PBXBuildFile; fileRef = 2A43F1E62797E6FF000BCCD6 /* News.swift */; };
		2A43F1EA2797EC0A000BCCD6 /* NewsViewModel.swift in Sources */ = {isa = PBXBuildFile; fileRef = 2A43F1E92797EC0A000BCCD6 /* NewsViewModel.swift */; };
		2A43F1ED2797FF93000BCCD6 /* APIService.swift in Sources */ = {isa = PBXBuildFile; fileRef = 2A43F1EC2797FF93000BCCD6 /* APIService.swift */; };
		2A43F1F12798377B000BCCD6 /* DetailViewController.swift in Sources */ = {isa = PBXBuildFile; fileRef = 2A43F1F02798377B000BCCD6 /* DetailViewController.swift */; };
		2A43F1F427984411000BCCD6 /* NewsTableViewCell.swift in Sources */ = {isa = PBXBuildFile; fileRef = 2A43F1F227984410000BCCD6 /* NewsTableViewCell.swift */; };
		2A43F1F527984411000BCCD6 /* NewsTableViewCell.xib in Resources */ = {isa = PBXBuildFile; fileRef = 2A43F1F327984410000BCCD6 /* NewsTableViewCell.xib */; };
		2A43F1F72798859A000BCCD6 /* CustomImages.swift in Sources */ = {isa = PBXBuildFile; fileRef = 2A43F1F627988599000BCCD6 /* CustomImages.swift */; };
		9622D398E862EF6FC680ABFA /* Pods_NewsApps.framework in Frameworks */ = {isa = PBXBuildFile; fileRef = BE6E204A5C6B0B1C67CE3900 /* Pods_NewsApps.framework */; };
/* End PBXBuildFile section */

/* Begin PBXFileReference section */
		2A43F1CD2797E186000BCCD6 /* NewsApps.app */ = {isa = PBXFileReference; explicitFileType = wrapper.application; includeInIndex = 0; path = NewsApps.app; sourceTree = BUILT_PRODUCTS_DIR; };
		2A43F1D02797E186000BCCD6 /* AppDelegate.swift */ = {isa = PBXFileReference; lastKnownFileType = sourcecode.swift; path = AppDelegate.swift; sourceTree = "<group>"; };
		2A43F1D22797E186000BCCD6 /* SceneDelegate.swift */ = {isa = PBXFileReference; lastKnownFileType = sourcecode.swift; path = SceneDelegate.swift; sourceTree = "<group>"; };
		2A43F1D42797E186000BCCD6 /* ViewController.swift */ = {isa = PBXFileReference; lastKnownFileType = sourcecode.swift; path = ViewController.swift; sourceTree = "<group>"; };
		2A43F1D72797E186000BCCD6 /* Base */ = {isa = PBXFileReference; lastKnownFileType = file.storyboard; name = Base; path = Base.lproj/Main.storyboard; sourceTree = "<group>"; };
		2A43F1D92797E18B000BCCD6 /* Assets.xcassets */ = {isa = PBXFileReference; lastKnownFileType = folder.assetcatalog; path = Assets.xcassets; sourceTree = "<group>"; };
		2A43F1DC2797E18B000BCCD6 /* Base */ = {isa = PBXFileReference; lastKnownFileType = file.storyboard; name = Base; path = Base.lproj/LaunchScreen.storyboard; sourceTree = "<group>"; };
		2A43F1DE2797E18B000BCCD6 /* Info.plist */ = {isa = PBXFileReference; lastKnownFileType = text.plist.xml; path = Info.plist; sourceTree = "<group>"; };
		2A43F1E62797E6FF000BCCD6 /* News.swift */ = {isa = PBXFileReference; lastKnownFileType = sourcecode.swift; path = News.swift; sourceTree = "<group>"; };
		2A43F1E92797EC0A000BCCD6 /* NewsViewModel.swift */ = {isa = PBXFileReference; lastKnownFileType = sourcecode.swift; path = NewsViewModel.swift; sourceTree = "<group>"; };
		2A43F1EC2797FF93000BCCD6 /* APIService.swift */ = {isa = PBXFileReference; lastKnownFileType = sourcecode.swift; path = APIService.swift; sourceTree = "<group>"; };
		2A43F1F02798377B000BCCD6 /* DetailViewController.swift */ = {isa = PBXFileReference; lastKnownFileType = sourcecode.swift; path = DetailViewController.swift; sourceTree = "<group>"; };
		2A43F1F227984410000BCCD6 /* NewsTableViewCell.swift */ = {isa = PBXFileReference; lastKnownFileType = sourcecode.swift; path = NewsTableViewCell.swift; sourceTree = "<group>"; };
		2A43F1F327984410000BCCD6 /* NewsTableViewCell.xib */ = {isa = PBXFileReference; lastKnownFileType = file.xib; path = NewsTableViewCell.xib; sourceTree = "<group>"; };
		2A43F1F627988599000BCCD6 /* CustomImages.swift */ = {isa = PBXFileReference; lastKnownFileType = sourcecode.swift; path = CustomImages.swift; sourceTree = "<group>"; };
		5A6C51607A0370203B9A7A40 /* Pods-NewsApps.release.xcconfig */ = {isa = PBXFileReference; includeInIndex = 1; lastKnownFileType = text.xcconfig; name = "Pods-NewsApps.release.xcconfig"; path = "Target Support Files/Pods-NewsApps/Pods-NewsApps.release.xcconfig"; sourceTree = "<group>"; };
		A92FD37BF0D39EC4E2C20C81 /* Pods-NewsApps.debug.xcconfig */ = {isa = PBXFileReference; includeInIndex = 1; lastKnownFileType = text.xcconfig; name = "Pods-NewsApps.debug.xcconfig"; path = "Target Support Files/Pods-NewsApps/Pods-NewsApps.debug.xcconfig"; sourceTree = "<group>"; };
		BE6E204A5C6B0B1C67CE3900 /* Pods_NewsApps.framework */ = {isa = PBXFileReference; explicitFileType = wrapper.framework; includeInIndex = 0; path = Pods_NewsApps.framework; sourceTree = BUILT_PRODUCTS_DIR; };
/* End PBXFileReference section */

/* Begin PBXFrameworksBuildPhase section */
		2A43F1CA2797E186000BCCD6 /* Frameworks */ = {
			isa = PBXFrameworksBuildPhase;
			buildActionMask = 2147483647;
			files = (
				9622D398E862EF6FC680ABFA /* Pods_NewsApps.framework in Frameworks */,
			);
			runOnlyForDeploymentPostprocessing = 0;
		};
/* End PBXFrameworksBuildPhase section */

/* Begin PBXGroup section */
		255FC1E100860E95CAC0475B /* Frameworks */ = {
			isa = PBXGroup;
			children = (
				BE6E204A5C6B0B1C67CE3900 /* Pods_NewsApps.framework */,
			);
			name = Frameworks;
			sourceTree = "<group>";
		};
		2A43F1C42797E186000BCCD6 = {
			isa = PBXGroup;
			children = (
				2A43F1CF2797E186000BCCD6 /* NewsApps */,
				2A43F1CE2797E186000BCCD6 /* Products */,
				7E593A835EF1D3F9501A8366 /* Pods */,
				255FC1E100860E95CAC0475B /* Frameworks */,
			);
			sourceTree = "<group>";
		};
		2A43F1CE2797E186000BCCD6 /* Products */ = {
			isa = PBXGroup;
			children = (
				2A43F1CD2797E186000BCCD6 /* NewsApps.app */,
			);
			name = Products;
			sourceTree = "<group>";
		};
		2A43F1CF2797E186000BCCD6 /* NewsApps */ = {
			isa = PBXGroup;
			children = (
				2A43F1E42797E386000BCCD6 /* Common */,
				2A43F1E52797E397000BCCD6 /* Controller */,
				2A43F1EF27983754000BCCD6 /* View */,
				2A43F1D92797E18B000BCCD6 /* Assets.xcassets */,
				2A43F1DE2797E18B000BCCD6 /* Info.plist */,
				2A43F1E82797E708000BCCD6 /* Model */,
				2A43F1EB2797EC12000BCCD6 /* ViewModels */,
				2A43F1EE2797FF9C000BCCD6 /* ApiService */,
				2A43F1F8279885A8000BCCD6 /* Extention */,
			);
			path = NewsApps;
			sourceTree = "<group>";
		};
		2A43F1E42797E386000BCCD6 /* Common */ = {
			isa = PBXGroup;
			children = (
				2A43F1D02797E186000BCCD6 /* AppDelegate.swift */,
				2A43F1D22797E186000BCCD6 /* SceneDelegate.swift */,
			);
			path = Common;
			sourceTree = "<group>";
		};
		2A43F1E52797E397000BCCD6 /* Controller */ = {
			isa = PBXGroup;
			children = (
				2A43F1D42797E186000BCCD6 /* ViewController.swift */,
				2A43F1F02798377B000BCCD6 /* DetailViewController.swift */,
			);
			path = Controller;
			sourceTree = "<group>";
		};
		2A43F1E82797E708000BCCD6 /* Model */ = {
			isa = PBXGroup;
			children = (
				2A43F1E62797E6FF000BCCD6 /* News.swift */,
			);
			path = Model;
			sourceTree = "<group>";
		};
		2A43F1EB2797EC12000BCCD6 /* ViewModels */ = {
			isa = PBXGroup;
			children = (
				2A43F1E92797EC0A000BCCD6 /* NewsViewModel.swift */,
			);
			path = ViewModels;
			sourceTree = "<group>";
		};
		2A43F1EE2797FF9C000BCCD6 /* ApiService */ = {
			isa = PBXGroup;
			children = (
				2A43F1EC2797FF93000BCCD6 /* APIService.swift */,
			);
			path = ApiService;
			sourceTree = "<group>";
		};
		2A43F1EF27983754000BCCD6 /* View */ = {
			isa = PBXGroup;
			children = (
				2A43F1D62797E186000BCCD6 /* Main.storyboard */,
				2A43F1DB2797E18B000BCCD6 /* LaunchScreen.storyboard */,
				2A43F1F227984410000BCCD6 /* NewsTableViewCell.swift */,
				2A43F1F327984410000BCCD6 /* NewsTableViewCell.xib */,
			);
			path = View;
			sourceTree = "<group>";
		};
		2A43F1F8279885A8000BCCD6 /* Extention */ = {
			isa = PBXGroup;
			children = (
				2A43F1F627988599000BCCD6 /* CustomImages.swift */,
			);
			path = Extention;
			sourceTree = "<group>";
		};
		7E593A835EF1D3F9501A8366 /* Pods */ = {
			isa = PBXGroup;
			children = (
				A92FD37BF0D39EC4E2C20C81 /* Pods-NewsApps.debug.xcconfig */,
				5A6C51607A0370203B9A7A40 /* Pods-NewsApps.release.xcconfig */,
			);
			path = Pods;
			sourceTree = "<group>";
		};
/* End PBXGroup section */

/* Begin PBXNativeTarget section */
		2A43F1CC2797E186000BCCD6 /* NewsApps */ = {
			isa = PBXNativeTarget;
			buildConfigurationList = 2A43F1E12797E18B000BCCD6 /* Build configuration list for PBXNativeTarget "NewsApps" */;
			buildPhases = (
				AC099FD5D706799F6A3EDB41 /* [CP] Check Pods Manifest.lock */,
				2A43F1C92797E186000BCCD6 /* Sources */,
				2A43F1CA2797E186000BCCD6 /* Frameworks */,
				2A43F1CB2797E186000BCCD6 /* Resources */,
				BF2D176FD885FA2963C87FF6 /* [CP] Embed Pods Frameworks */,
			);
			buildRules = (
			);
			dependencies = (
			);
			name = NewsApps;
			productName = NewsApps;
			productReference = 2A43F1CD2797E186000BCCD6 /* NewsApps.app */;
			productType = "com.apple.product-type.application";
		};
/* End PBXNativeTarget section */

/* Begin PBXProject section */
		2A43F1C52797E186000BCCD6 /* Project object */ = {
			isa = PBXProject;
			attributes = {
				BuildIndependentTargetsInParallel = 1;
				LastSwiftUpdateCheck = 1310;
				LastUpgradeCheck = 1310;
				TargetAttributes = {
					2A43F1CC2797E186000BCCD6 = {
						CreatedOnToolsVersion = 13.1;
					};
				};
			};
			buildConfigurationList = 2A43F1C82797E186000BCCD6 /* Build configuration list for PBXProject "NewsApps" */;
			compatibilityVersion = "Xcode 13.0";
			developmentRegion = en;
			hasScannedForEncodings = 0;
			knownRegions = (
				en,
				Base,
			);
			mainGroup = 2A43F1C42797E186000BCCD6;
			productRefGroup = 2A43F1CE2797E186000BCCD6 /* Products */;
			projectDirPath = "";
			projectRoot = "";
			targets = (
				2A43F1CC2797E186000BCCD6 /* NewsApps */,
			);
		};
/* End PBXProject section */

/* Begin PBXResourcesBuildPhase section */
		2A43F1CB2797E186000BCCD6 /* Resources */ = {
			isa = PBXResourcesBuildPhase;
			buildActionMask = 2147483647;
			files = (
				2A43F1DD2797E18B000BCCD6 /* LaunchScreen.storyboard in Resources */,
				2A43F1DA2797E18B000BCCD6 /* Assets.xcassets in Resources */,
				2A43F1F527984411000BCCD6 /* NewsTableViewCell.xib in Resources */,
				2A43F1D82797E186000BCCD6 /* Main.storyboard in Resources */,
			);
			runOnlyForDeploymentPostprocessing = 0;
		};
/* End PBXResourcesBuildPhase section */

/* Begin PBXShellScriptBuildPhase section */
		AC099FD5D706799F6A3EDB41 /* [CP] Check Pods Manifest.lock */ = {
			isa = PBXShellScriptBuildPhase;
			buildActionMask = 2147483647;
			files = (
			);
			inputFileListPaths = (
			);
			inputPaths = (
				"${PODS_PODFILE_DIR_PATH}/Podfile.lock",
				"${PODS_ROOT}/Manifest.lock",
			);
			name = "[CP] Check Pods Manifest.lock";
			outputFileListPaths = (
			);
			outputPaths = (
				"$(DERIVED_FILE_DIR)/Pods-NewsApps-checkManifestLockResult.txt",
			);
			runOnlyForDeploymentPostprocessing = 0;
			shellPath = /bin/sh;
			shellScript = "diff \"${PODS_PODFILE_DIR_PATH}/Podfile.lock\" \"${PODS_ROOT}/Manifest.lock\" > /dev/null\nif [ $? != 0 ] ; then\n    # print error to STDERR\n    echo \"error: The sandbox is not in sync with the Podfile.lock. Run 'pod install' or update your CocoaPods installation.\" >&2\n    exit 1\nfi\n# This output is used by Xcode 'outputs' to avoid re-running this script phase.\necho \"SUCCESS\" > \"${SCRIPT_OUTPUT_FILE_0}\"\n";
			showEnvVarsInLog = 0;
		};
		BF2D176FD885FA2963C87FF6 /* [CP] Embed Pods Frameworks */ = {
			isa = PBXShellScriptBuildPhase;
			buildActionMask = 2147483647;
			files = (
			);
			inputFileListPaths = (
				"${PODS_ROOT}/Target Support Files/Pods-NewsApps/Pods-NewsApps-frameworks-${CONFIGURATION}-input-files.xcfilelist",
			);
			name = "[CP] Embed Pods Frameworks";
			outputFileListPaths = (
				"${PODS_ROOT}/Target Support Files/Pods-NewsApps/Pods-NewsApps-frameworks-${CONFIGURATION}-output-files.xcfilelist",
			);
			runOnlyForDeploymentPostprocessing = 0;
			shellPath = /bin/sh;
			shellScript = "\"${PODS_ROOT}/Target Support Files/Pods-NewsApps/Pods-NewsApps-frameworks.sh\"\n";
			showEnvVarsInLog = 0;
		};
/* End PBXShellScriptBuildPhase section */

/* Begin PBXSourcesBuildPhase section */
		2A43F1C92797E186000BCCD6 /* Sources */ = {
			isa = PBXSourcesBuildPhase;
			buildActionMask = 2147483647;
			files = (
				2A43F1E72797E6FF000BCCD6 /* News.swift in Sources */,
				2A43F1F72798859A000BCCD6 /* CustomImages.swift in Sources */,
				2A43F1D52797E186000BCCD6 /* ViewController.swift in Sources */,
				2A43F1F427984411000BCCD6 /* NewsTableViewCell.swift in Sources */,
				2A43F1EA2797EC0A000BCCD6 /* NewsViewModel.swift in Sources */,
				2A43F1D12797E186000BCCD6 /* AppDelegate.swift in Sources */,
				2A43F1ED2797FF93000BCCD6 /* APIService.swift in Sources */,
				2A43F1D32797E186000BCCD6 /* SceneDelegate.swift in Sources */,
				2A43F1F12798377B000BCCD6 /* DetailViewController.swift in Sources */,
			);
			runOnlyForDeploymentPostprocessing = 0;
		};
/* End PBXSourcesBuildPhase section */

/* Begin PBXVariantGroup section */
		2A43F1D62797E186000BCCD6 /* Main.storyboard */ = {
			isa = PBXVariantGroup;
			children = (
				2A43F1D72797E186000BCCD6 /* Base */,
			);
			name = Main.storyboard;
			sourceTree = "<group>";
		};
		2A43F1DB2797E18B000BCCD6 /* LaunchScreen.storyboard */ = {
			isa = PBXVariantGroup;
			children = (
				2A43F1DC2797E18B000BCCD6 /* Base */,
			);
			name = LaunchScreen.storyboard;
			sourceTree = "<group>";
		};
/* End PBXVariantGroup section */

/* Begin XCBuildConfiguration section */
		2A43F1DF2797E18B000BCCD6 /* Debug */ = {
			isa = XCBuildConfiguration;
			buildSettings = {
				ALWAYS_SEARCH_USER_PATHS = NO;
				CLANG_ANALYZER_NONNULL = YES;
				CLANG_ANALYZER_NUMBER_OBJECT_CONVERSION = YES_AGGRESSIVE;
				CLANG_CXX_LANGUAGE_STANDARD = "gnu++17";
				CLANG_CXX_LIBRARY = "libc++";
				CLANG_ENABLE_MODULES = YES;
				CLANG_ENABLE_OBJC_ARC = YES;
				CLANG_ENABLE_OBJC_WEAK = YES;
				CLANG_WARN_BLOCK_CAPTURE_AUTORELEASING = YES;
				CLANG_WARN_BOOL_CONVERSION = YES;
				CLANG_WARN_COMMA = YES;
				CLANG_WARN_CONSTANT_CONVERSION = YES;
				CLANG_WARN_DEPRECATED_OBJC_IMPLEMENTATIONS = YES;
				CLANG_WARN_DIRECT_OBJC_ISA_USAGE = YES_ERROR;
				CLANG_WARN_DOCUMENTATION_COMMENTS = YES;
				CLANG_WARN_EMPTY_BODY = YES;
				CLANG_WARN_ENUM_CONVERSION = YES;
				CLANG_WARN_INFINITE_RECURSION = YES;
				CLANG_WARN_INT_CONVERSION = YES;
				CLANG_WARN_NON_LITERAL_NULL_CONVERSION = YES;
				CLANG_WARN_OBJC_IMPLICIT_RETAIN_SELF = YES;
				CLANG_WARN_OBJC_LITERAL_CONVERSION = YES;
				CLANG_WARN_OBJC_ROOT_CLASS = YES_ERROR;
				CLANG_WARN_QUOTED_INCLUDE_IN_FRAMEWORK_HEADER = YES;
				CLANG_WARN_RANGE_LOOP_ANALYSIS = YES;
				CLANG_WARN_STRICT_PROTOTYPES = YES;
				CLANG_WARN_SUSPICIOUS_MOVE = YES;
				CLANG_WARN_UNGUARDED_AVAILABILITY = YES_AGGRESSIVE;
				CLANG_WARN_UNREACHABLE_CODE = YES;
				CLANG_WARN__DUPLICATE_METHOD_MATCH = YES;
				COPY_PHASE_STRIP = NO;
				DEBUG_INFORMATION_FORMAT = dwarf;
				ENABLE_STRICT_OBJC_MSGSEND = YES;
				ENABLE_TESTABILITY = YES;
				GCC_C_LANGUAGE_STANDARD = gnu11;
				GCC_DYNAMIC_NO_PIC = NO;
				GCC_NO_COMMON_BLOCKS = YES;
				GCC_OPTIMIZATION_LEVEL = 0;
				GCC_PREPROCESSOR_DEFINITIONS = (
					"DEBUG=1",
					"$(inherited)",
				);
				GCC_WARN_64_TO_32_BIT_CONVERSION = YES;
				GCC_WARN_ABOUT_RETURN_TYPE = YES_ERROR;
				GCC_WARN_UNDECLARED_SELECTOR = YES;
				GCC_WARN_UNINITIALIZED_AUTOS = YES_AGGRESSIVE;
				GCC_WARN_UNUSED_FUNCTION = YES;
				GCC_WARN_UNUSED_VARIABLE = YES;
				IPHONEOS_DEPLOYMENT_TARGET = 15.0;
				MTL_ENABLE_DEBUG_INFO = INCLUDE_SOURCE;
				MTL_FAST_MATH = YES;
				ONLY_ACTIVE_ARCH = YES;
				SDKROOT = iphoneos;
				SWIFT_ACTIVE_COMPILATION_CONDITIONS = DEBUG;
				SWIFT_OPTIMIZATION_LEVEL = "-Onone";
			};
			name = Debug;
		};
		2A43F1E02797E18B000BCCD6 /* Release */ = {
			isa = XCBuildConfiguration;
			buildSettings = {
				ALWAYS_SEARCH_USER_PATHS = NO;
				CLANG_ANALYZER_NONNULL = YES;
				CLANG_ANALYZER_NUMBER_OBJECT_CONVERSION = YES_AGGRESSIVE;
				CLANG_CXX_LANGUAGE_STANDARD = "gnu++17";
				CLANG_CXX_LIBRARY = "libc++";
				CLANG_ENABLE_MODULES = YES;
				CLANG_ENABLE_OBJC_ARC = YES;
				CLANG_ENABLE_OBJC_WEAK = YES;
				CLANG_WARN_BLOCK_CAPTURE_AUTORELEASING = YES;
				CLANG_WARN_BOOL_CONVERSION = YES;
				CLANG_WARN_COMMA = YES;
				CLANG_WARN_CONSTANT_CONVERSION = YES;
				CLANG_WARN_DEPRECATED_OBJC_IMPLEMENTATIONS = YES;
				CLANG_WARN_DIRECT_OBJC_ISA_USAGE = YES_ERROR;
				CLANG_WARN_DOCUMENTATION_COMMENTS = YES;
				CLANG_WARN_EMPTY_BODY = YES;
				CLANG_WARN_ENUM_CONVERSION = YES;
				CLANG_WARN_INFINITE_RECURSION = YES;
				CLANG_WARN_INT_CONVERSION = YES;
				CLANG_WARN_NON_LITERAL_NULL_CONVERSION = YES;
				CLANG_WARN_OBJC_IMPLICIT_RETAIN_SELF = YES;
				CLANG_WARN_OBJC_LITERAL_CONVERSION = YES;
				CLANG_WARN_OBJC_ROOT_CLASS = YES_ERROR;
				CLANG_WARN_QUOTED_INCLUDE_IN_FRAMEWORK_HEADER = YES;
				CLANG_WARN_RANGE_LOOP_ANALYSIS = YES;
				CLANG_WARN_STRICT_PROTOTYPES = YES;
				CLANG_WARN_SUSPICIOUS_MOVE = YES;
				CLANG_WARN_UNGUARDED_AVAILABILITY = YES_AGGRESSIVE;
				CLANG_WARN_UNREACHABLE_CODE = YES;
				CLANG_WARN__DUPLICATE_METHOD_MATCH = YES;
				COPY_PHASE_STRIP = NO;
				DEBUG_INFORMATION_FORMAT = "dwarf-with-dsym";
				ENABLE_NS_ASSERTIONS = NO;
				ENABLE_STRICT_OBJC_MSGSEND = YES;
				GCC_C_LANGUAGE_STANDARD = gnu11;
				GCC_NO_COMMON_BLOCKS = YES;
				GCC_WARN_64_TO_32_BIT_CONVERSION = YES;
				GCC_WARN_ABOUT_RETURN_TYPE = YES_ERROR;
				GCC_WARN_UNDECLARED_SELECTOR = YES;
				GCC_WARN_UNINITIALIZED_AUTOS = YES_AGGRESSIVE;
				GCC_WARN_UNUSED_FUNCTION = YES;
				GCC_WARN_UNUSED_VARIABLE = YES;
				IPHONEOS_DEPLOYMENT_TARGET = 15.0;
				MTL_ENABLE_DEBUG_INFO = NO;
				MTL_FAST_MATH = YES;
				SDKROOT = iphoneos;
				SWIFT_COMPILATION_MODE = wholemodule;
				SWIFT_OPTIMIZATION_LEVEL = "-O";
				VALIDATE_PRODUCT = YES;
			};
			name = Release;
		};
		2A43F1E22797E18B000BCCD6 /* Debug */ = {
			isa = XCBuildConfiguration;
			baseConfigurationReference = A92FD37BF0D39EC4E2C20C81 /* Pods-NewsApps.debug.xcconfig */;
			buildSettings = {
				ASSETCATALOG_COMPILER_APPICON_NAME = AppIcon;
				ASSETCATALOG_COMPILER_GLOBAL_ACCENT_COLOR_NAME = AccentColor;
				CODE_SIGN_STYLE = Automatic;
				CURRENT_PROJECT_VERSION = 1;
				DEVELOPMENT_TEAM = L9MM5WW4A6;
				GENERATE_INFOPLIST_FILE = YES;
				INFOPLIST_FILE = NewsApps/Info.plist;
				INFOPLIST_KEY_UIApplicationSupportsIndirectInputEvents = YES;
				INFOPLIST_KEY_UILaunchStoryboardName = LaunchScreen;
				INFOPLIST_KEY_UIMainStoryboardFile = Main;
				INFOPLIST_KEY_UISupportedInterfaceOrientations_iPad = "UIInterfaceOrientationPortrait UIInterfaceOrientationPortraitUpsideDown UIInterfaceOrientationLandscapeLeft UIInterfaceOrientationLandscapeRight";
				INFOPLIST_KEY_UISupportedInterfaceOrientations_iPhone = "UIInterfaceOrientationPortrait UIInterfaceOrientationLandscapeLeft UIInterfaceOrientationLandscapeRight";
				LD_RUNPATH_SEARCH_PATHS = (
					"$(inherited)",
					"@executable_path/Frameworks",
				);
				MARKETING_VERSION = 1.0;
				PRODUCT_BUNDLE_IDENTIFIER = id.co.sistema.NewsApps;
				PRODUCT_NAME = "$(TARGET_NAME)";
				SWIFT_EMIT_LOC_STRINGS = YES;
				SWIFT_VERSION = 5.0;
				TARGETED_DEVICE_FAMILY = "1,2";
			};
			name = Debug;
		};
		2A43F1E32797E18B000BCCD6 /* Release */ = {
			isa = XCBuildConfiguration;
			baseConfigurationReference = 5A6C51607A0370203B9A7A40 /* Pods-NewsApps.release.xcconfig */;
			buildSettings = {
				ASSETCATALOG_COMPILER_APPICON_NAME = AppIcon;
				ASSETCATALOG_COMPILER_GLOBAL_ACCENT_COLOR_NAME = AccentColor;
				CODE_SIGN_STYLE = Automatic;
				CURRENT_PROJECT_VERSION = 1;
				DEVELOPMENT_TEAM = L9MM5WW4A6;
				GENERATE_INFOPLIST_FILE = YES;
				INFOPLIST_FILE = NewsApps/Info.plist;
				INFOPLIST_KEY_UIApplicationSupportsIndirectInputEvents = YES;
				INFOPLIST_KEY_UILaunchStoryboardName = LaunchScreen;
				INFOPLIST_KEY_UIMainStoryboardFile = Main;
				INFOPLIST_KEY_UISupportedInterfaceOrientations_iPad = "UIInterfaceOrientationPortrait UIInterfaceOrientationPortraitUpsideDown UIInterfaceOrientationLandscapeLeft UIInterfaceOrientationLandscapeRight";
				INFOPLIST_KEY_UISupportedInterfaceOrientations_iPhone = "UIInterfaceOrientationPortrait UIInterfaceOrientationLandscapeLeft UIInterfaceOrientationLandscapeRight";
				LD_RUNPATH_SEARCH_PATHS = (
					"$(inherited)",
					"@executable_path/Frameworks",
				);
				MARKETING_VERSION = 1.0;
				PRODUCT_BUNDLE_IDENTIFIER = id.co.sistema.NewsApps;
				PRODUCT_NAME = "$(TARGET_NAME)";
				SWIFT_EMIT_LOC_STRINGS = YES;
				SWIFT_VERSION = 5.0;
				TARGETED_DEVICE_FAMILY = "1,2";
			};
			name = Release;
		};
/* End XCBuildConfiguration section */

/* Begin XCConfigurationList section */
		2A43F1C82797E186000BCCD6 /* Build configuration list for PBXProject "NewsApps" */ = {
			isa = XCConfigurationList;
			buildConfigurations = (
				2A43F1DF2797E18B000BCCD6 /* Debug */,
				2A43F1E02797E18B000BCCD6 /* Release */,
			);
			defaultConfigurationIsVisible = 0;
			defaultConfigurationName = Release;
		};
		2A43F1E12797E18B000BCCD6 /* Build configuration list for PBXNativeTarget "NewsApps" */ = {
			isa = XCConfigurationList;
			buildConfigurations = (
				2A43F1E22797E18B000BCCD6 /* Debug */,
				2A43F1E32797E18B000BCCD6 /* Release */,
			);
			defaultConfigurationIsVisible = 0;
			defaultConfigurationName = Release;
		};
/* End XCConfigurationList section */
	};
	rootObject = 2A43F1C52797E186000BCCD6 /* Project object */;
}
